<?xml version="1.0" encoding="UTF-8" standalone="yes" ?>
<CodeBlocks_project_file>
	<FileVersion major="1" minor="6" />
	<Project>
		<Option title="ld28" />
		<Option pch_mode="2" />
		<Option compiler="gcc" />
		<Build>
			<Target title="Debug">
				<Option output="bin/Debug/ld28" prefix_auto="1" extension_auto="1" />
				<Option object_output="obj/Debug/" />
				<Option type="1" />
				<Option compiler="gcc" />
				<Compiler>
					<Add option="-std=c++11" />
					<Add option="-pg" />
					<Add option="-g" />
					<Add option="-DDEBUG" />
				</Compiler>
				<Linker>
					<Add option="-pg -lgmon" />
					<Add library="sfml-graphics-d" />
					<Add library="sfml-window-d" />
					<Add library="sfml-system-d" />
					<Add library="sfml-audio-d" />
				</Linker>
			</Target>
			<Target title="Release">
				<Option output="bin/Release/ld28" prefix_auto="1" extension_auto="1" />
				<Option object_output="obj/Release/" />
				<Option type="0" />
				<Option compiler="gcc" />
				<Compiler>
					<Add option="-O2" />
					<Add option="-std=c++11" />
				</Compiler>
				<Linker>
					<Add option="-s" />
					<Add library="sfml-graphics" />
					<Add library="sfml-window" />
					<Add library="sfml-system" />
					<Add library="sfml-audio" />
				</Linker>
			</Target>
		</Build>
		<Compiler>
			<Add option="-Wall" />
			<Add directory="include" />
		</Compiler>
		<Unit filename="include/Boss.h" />
		<Unit filename="include/Bouncy.h" />
		<Unit filename="include/Entity.h" />
		<Unit filename="include/Flyer.h" />
		<Unit filename="include/Game.h" />
		<Unit filename="include/Input.h" />
		<Unit filename="include/Level.h" />
		<Unit filename="include/Lunger.h" />
		<Unit filename="include/Particle.h" />
		<Unit filename="include/Pedestal.h" />
		<Unit filename="include/Player.h" />
		<Unit filename="include/Powerup.h" />
		<Unit filename="include/Projectile.h" />
		<Unit filename="include/ResourceManager.h" />
		<Unit filename="include/Sprite.h" />
		<Unit filename="include/Suicider.h" />
		<Unit filename="include/Tile.h" />
		<Unit filename="include/Zombie.h" />
		<Unit filename="include/toolbox.h" />
		<Unit filename="src/Boss.cpp" />
		<Unit filename="src/Bouncy.cpp" />
		<Unit filename="src/Entity.cpp" />
		<Unit filename="src/Flyer.cpp" />
		<Unit filename="src/Game.cpp" />
		<Unit filename="src/Input.cpp" />
		<Unit filename="src/Level.cpp" />
		<Unit filename="src/Lunger.cpp" />
		<Unit filename="src/Particle.cpp" />
		<Unit filename="src/Pedestal.cpp" />
		<Unit filename="src/Player.cpp" />
		<Unit filename="src/Powerup.cpp" />
		<Unit filename="src/Projectile.cpp" />
		<Unit filename="src/ResourceManager.cpp" />
		<Unit filename="src/Sprite.cpp" />
		<Unit filename="src/Suicider.cpp" />
		<Unit filename="src/Tile.cpp" />
		<Unit filename="src/Zombie.cpp" />
		<Unit filename="src/main.cpp" />
		<Extensions>
			<code_completion />
			<envvars />
			<debugger />
			<lib_finder disable_auto="1" />
			<DoxyBlocks>
				<comment_style block="0" line="0" />
				<doxyfile_project />
				<doxyfile_build />
				<doxyfile_warnings />
				<doxyfile_output />
				<doxyfile_dot />
				<general />
			</DoxyBlocks>
		</Extensions>
	</Project>
</CodeBlocks_project_file>
